
Microsoft Visual Studio Solution File, Format Version 12.00
# Visual Studio Version 17
VisualStudioVersion = 17.5.002.0
MinimumVisualStudioVersion = 10.0.40219.1
Project("{9A19103F-16F7-4668-BE54-9A1E7A4F7556}") = "YarpReverseProxy", "YarpReverseProxy.csproj", "{045E790E-C96E-420F-95DC-91C74BBA69CE}"
EndProject
Global
	GlobalSection(SolutionConfigurationPlatforms) = preSolution
		Debug|Any CPU = Debug|Any CPU
		Release|Any CPU = Release|Any CPU
	EndGlobalSection
	GlobalSection(ProjectConfigurationPlatforms) = postSolution
		{045E790E-C96E-420F-95DC-91C74BBA69CE}.Debug|Any CPU.ActiveCfg = Debug|Any CPU
		{045E790E-C96E-420F-95DC-91C74BBA69CE}.Debug|Any CPU.Build.0 = Debug|Any CPU
		{045E790E-C96E-420F-95DC-91C74BBA69CE}.Release|Any CPU.ActiveCfg = Release|Any CPU
		{045E790E-C96E-420F-95DC-91C74BBA69CE}.Release|Any CPU.Build.0 = Release|Any CPU
	EndGlobalSection
	GlobalSection(SolutionProperties) = preSolution
		HideSolutionNode = FALSE
	EndGlobalSection
	GlobalSection(ExtensibilityGlobals) = postSolution
		SolutionGuid = {F875FCF9-3FDB-47CA-9A83-BF455CD18DEA}
	EndGlobalSection
EndGlobal
